
Microsoft Visual Studio Solution File, Format Version 12.00
# Visual Studio 15
Project("{FAE04EC0-301F-11D3-BF4B-00C04F79EFBC}") = "Assembly-CSharp", "Assembly-CSharp.csproj", "{75DA2517-8707-AA2E-A1B9-A146C7F01051}"
EndProject
Project("{FAE04EC0-301F-11D3-BF4B-00C04F79EFBC}") = "Assembly-CSharp-firstpass", "Assembly-CSharp-firstpass.csproj", "{96386C77-9186-6918-F8A7-A9F2B68F7CCF}"
EndProject
Project("{FAE04EC0-301F-11D3-BF4B-00C04F79EFBC}") = "Assembly-CSharp-Editor-firstpass", "Assembly-CSharp-Editor-firstpass.csproj", "{F5A94F16-D0F5-1526-C474-71F7E83B5B08}"
EndProject
Project("{FAE04EC0-301F-11D3-BF4B-00C04F79EFBC}") = "Assembly-CSharp-Editor", "Assembly-CSharp-Editor.csproj", "{5F7A3883-709E-1BD5-5538-4311160160DE}"
EndProject
Global
	GlobalSection(SolutionConfigurationPlatforms) = preSolution
		Debug|Any CPU = Debug|Any CPU
		Release|Any CPU = Release|Any CPU
	EndGlobalSection
	GlobalSection(ProjectConfigurationPlatforms) = postSolution
		{75DA2517-8707-AA2E-A1B9-A146C7F01051}.Debug|Any CPU.ActiveCfg = Debug|Any CPU
		{75DA2517-8707-AA2E-A1B9-A146C7F01051}.Debug|Any CPU.Build.0 = Debug|Any CPU
		{75DA2517-8707-AA2E-A1B9-A146C7F01051}.Release|Any CPU.ActiveCfg = Release|Any CPU
		{75DA2517-8707-AA2E-A1B9-A146C7F01051}.Release|Any CPU.Build.0 = Release|Any CPU
		{96386C77-9186-6918-F8A7-A9F2B68F7CCF}.Debug|Any CPU.ActiveCfg = Debug|Any CPU
		{96386C77-9186-6918-F8A7-A9F2B68F7CCF}.Debug|Any CPU.Build.0 = Debug|Any CPU
		{96386C77-9186-6918-F8A7-A9F2B68F7CCF}.Release|Any CPU.ActiveCfg = Release|Any CPU
		{96386C77-9186-6918-F8A7-A9F2B68F7CCF}.Release|Any CPU.Build.0 = Release|Any CPU
		{F5A94F16-D0F5-1526-C474-71F7E83B5B08}.Debug|Any CPU.ActiveCfg = Debug|Any CPU
		{F5A94F16-D0F5-1526-C474-71F7E83B5B08}.Debug|Any CPU.Build.0 = Debug|Any CPU
		{F5A94F16-D0F5-1526-C474-71F7E83B5B08}.Release|Any CPU.ActiveCfg = Release|Any CPU
		{F5A94F16-D0F5-1526-C474-71F7E83B5B08}.Release|Any CPU.Build.0 = Release|Any CPU
		{5F7A3883-709E-1BD5-5538-4311160160DE}.Debug|Any CPU.ActiveCfg = Debug|Any CPU
		{5F7A3883-709E-1BD5-5538-4311160160DE}.Debug|Any CPU.Build.0 = Debug|Any CPU
		{5F7A3883-709E-1BD5-5538-4311160160DE}.Release|Any CPU.ActiveCfg = Release|Any CPU
		{5F7A3883-709E-1BD5-5538-4311160160DE}.Release|Any CPU.Build.0 = Release|Any CPU
	EndGlobalSection
	GlobalSection(SolutionProperties) = preSolution
		HideSolutionNode = FALSE
	EndGlobalSection
EndGlobal
